
Microsoft Visual Studio Solution File, Format Version 12.00
# Visual Studio 15
VisualStudioVersion = 15.0.26124.0
MinimumVisualStudioVersion = 15.0.26124.0
Project("{FAE04EC0-301F-11D3-BF4B-00C04F79EFBC}") = "DevEvents.API", "DevEvents.API\DevEvents.API.csproj", "{E8D6A168-912A-471E-9107-B2CFD71CA1D9}"
EndProject
Global
	GlobalSection(SolutionConfigurationPlatforms) = preSolution
		Debug|Any CPU = Debug|Any CPU
		Debug|x64 = Debug|x64
		Debug|x86 = Debug|x86
		Release|Any CPU = Release|Any CPU
		Release|x64 = Release|x64
		Release|x86 = Release|x86
	EndGlobalSection
	GlobalSection(SolutionProperties) = preSolution
		HideSolutionNode = FALSE
	EndGlobalSection
	GlobalSection(ProjectConfigurationPlatforms) = postSolution
		{E8D6A168-912A-471E-9107-B2CFD71CA1D9}.Debug|Any CPU.ActiveCfg = Debug|Any CPU
		{E8D6A168-912A-471E-9107-B2CFD71CA1D9}.Debug|Any CPU.Build.0 = Debug|Any CPU
		{E8D6A168-912A-471E-9107-B2CFD71CA1D9}.Debug|x64.ActiveCfg = Debug|Any CPU
		{E8D6A168-912A-471E-9107-B2CFD71CA1D9}.Debug|x64.Build.0 = Debug|Any CPU
		{E8D6A168-912A-471E-9107-B2CFD71CA1D9}.Debug|x86.ActiveCfg = Debug|Any CPU
		{E8D6A168-912A-471E-9107-B2CFD71CA1D9}.Debug|x86.Build.0 = Debug|Any CPU
		{E8D6A168-912A-471E-9107-B2CFD71CA1D9}.Release|Any CPU.ActiveCfg = Release|Any CPU
		{E8D6A168-912A-471E-9107-B2CFD71CA1D9}.Release|Any CPU.Build.0 = Release|Any CPU
		{E8D6A168-912A-471E-9107-B2CFD71CA1D9}.Release|x64.ActiveCfg = Release|Any CPU
		{E8D6A168-912A-471E-9107-B2CFD71CA1D9}.Release|x64.Build.0 = Release|Any CPU
		{E8D6A168-912A-471E-9107-B2CFD71CA1D9}.Release|x86.ActiveCfg = Release|Any CPU
		{E8D6A168-912A-471E-9107-B2CFD71CA1D9}.Release|x86.Build.0 = Release|Any CPU
	EndGlobalSection
EndGlobal
